<?xml version="1.0" encoding="utf-8"?>
<Project ToolsVersion="4.0" xmlns="http://schemas.microsoft.com/developer/msbuild/2003">
  <ItemGroup>
    <Filter Include="Source Files">
      <UniqueIdentifier>{4FC737F1-C7A5-4376-A066-2A32D752A2FF}</UniqueIdentifier>
      <Extensions>cpp;c;cc;cxx;def;odl;idl;hpj;bat;asm;asmx</Extensions>
    </Filter>
    <Filter Include="Header Files">
      <UniqueIdentifier>{93995380-89BD-4b04-88EB-625FBE52EBFB}</UniqueIdentifier>
      <Extensions>h;hh;hpp;hxx;hm;inl;inc;xsd</Extensions>
    </Filter>
    <Filter Include="Resource Files">
      <UniqueIdentifier>{67DA6AB6-F800-4c08-8B7A-83BB121AAD01}</UniqueIdentifier>
      <Extensions>rc;ico;cur;bmp;dlg;rc2;rct;bin;rgs;gif;jpg;jpeg;jpe;resx;tiff;tif;png;wav;mfcribbon-ms</Extensions>
    </Filter>
    <Filter Include="Header Files\Receiver">
      <UniqueIdentifier>{56510a83-d6e7-4948-b836-43dc4de8a530}</UniqueIdentifier>
    </Filter>
    <Filter Include="Source Files\Receiver">
      <UniqueIdentifier>{1cb36f23-c50f-431d-8a13-e9e8f173855a}</UniqueIdentifier>
    </Filter>
  </ItemGroup>
  <ItemGroup>
    <ClInclude Include="Event.h">
      <Filter>Header Files</Filter>
    </ClInclude>
    <ClInclude Include="ThreadPool.h">
      <Filter>Header Files</Filter>
    </ClInclude>
    <ClInclude Include="EventManager.h">
      <Filter>Header Files</Filter>
    </ClInclude>
    <ClInclude Include="Signal.h">
      <Filter>Header Files</Filter>
    </ClInclude>
    <ClInclude Include="SignalFunctor.h">
      <Filter>Header Files</Filter>
    </ClInclude>
    <ClInclude Include="SolveFlag.h">
      <Filter>Header Files</Filter>
    </ClInclude>
    <ClInclude Include="RecentReceiver.h">
      <Filter>Header Files\Receiver</Filter>
    </ClInclude>
    <ClInclude Include="UnorderedQueueReceiver.h">
      <Filter>Header Files\Receiver</Filter>
    </ClInclude>
    <ClInclude Include="MethodReceiver.h">
      <Filter>Header Files\Receiver</Filter>
    </ClInclude>
    <ClInclude Include="Receiver.h">
      <Filter>Header Files\Receiver</Filter>
    </ClInclude>
    <ClInclude Include="EventSequencer.h">
      <Filter>Header Files</Filter>
    </ClInclude>
    <ClInclude Include="UnorderedParallelReceiver.h">
      <Filter>Header Files\Receiver</Filter>
    </ClInclude>
  </ItemGroup>
  <ItemGroup>
    <ClCompile Include="ThreadPool.cpp">
      <Filter>Source Files</Filter>
    </ClCompile>
    <ClCompile Include="EventManager.cpp">
      <Filter>Source Files</Filter>
    </ClCompile>
    <ClCompile Include="Signal.cpp">
      <Filter>Source Files</Filter>
    </ClCompile>
    <ClCompile Include="SignalFunctor.cpp">
      <Filter>Source Files</Filter>
    </ClCompile>
    <ClCompile Include="Event.cpp">
      <Filter>Source Files</Filter>
    </ClCompile>
    <ClCompile Include="EventSequencer.cpp">
      <Filter>Source Files</Filter>
    </ClCompile>
  </ItemGroup>
</Project>